
Microsoft Visual Studio Solution File, Format Version 12.00
Project("{FAE04EC0-301F-11D3-BF4B-00C04F79EFBC}") = "VoiceBot", "VoiceBot\VoiceBot.csproj", "{F59D6402-6CA3-4FC2-A9B9-3C9CF4236C4C}"
EndProject
Project("{2150E333-8FDC-42A3-9474-1A3956D46DE8}") = "Solution Items", "Solution Items", "{18FD25F5-099F-48BA-B54B-3B79A590EACC}"
	ProjectSection(SolutionItems) = preProject
		docker-compose.yml = docker-compose.yml
	EndProjectSection
EndProject
Global
	GlobalSection(SolutionConfigurationPlatforms) = preSolution
		Debug|Any CPU = Debug|Any CPU
		Release|Any CPU = Release|Any CPU
	EndGlobalSection
	GlobalSection(ProjectConfigurationPlatforms) = postSolution
		{F59D6402-6CA3-4FC2-A9B9-3C9CF4236C4C}.Debug|Any CPU.ActiveCfg = Debug|Any CPU
		{F59D6402-6CA3-4FC2-A9B9-3C9CF4236C4C}.Debug|Any CPU.Build.0 = Debug|Any CPU
		{F59D6402-6CA3-4FC2-A9B9-3C9CF4236C4C}.Release|Any CPU.ActiveCfg = Release|Any CPU
		{F59D6402-6CA3-4FC2-A9B9-3C9CF4236C4C}.Release|Any CPU.Build.0 = Release|Any CPU
	EndGlobalSection
EndGlobal
